{
  "pins" : [
    {
      "identity" : "ggwave-spm",
      "kind" : "remoteSourceControl",
      "location" : "https://github.com/ggerganov/ggwave-spm",
      "state" : {
        "revision" : "5fba9d067bc480910589699d306320f12e8ea814",
        "version" : "0.4.0"
      }
    }
  ],
  "version" : 2
}
